
Microsoft Visual Studio Solution File, Format Version 12.00
# Visual Studio Version 16
VisualStudioVersion = 16.0.31005.135
MinimumVisualStudioVersion = 10.0.40219.1
Project("{F2A71F9B-5D33-465A-A702-920D77279786}") = "TaskTracker", "TaskTracker.fsproj", "{FA1FBC21-3CEE-440B-85BF-7273DC472413}"
EndProject
Project("{F2A71F9B-5D33-465A-A702-920D77279786}") = "BusinessLogic", "BusinessLogic\BusinessLogic.fsproj", "{A757C496-58D6-4F11-8EF9-963C4A771196}"
EndProject
Global
	GlobalSection(SolutionConfigurationPlatforms) = preSolution
		Debug|Any CPU = Debug|Any CPU
		Release|Any CPU = Release|Any CPU
	EndGlobalSection
	GlobalSection(ProjectConfigurationPlatforms) = postSolution
		{FA1FBC21-3CEE-440B-85BF-7273DC472413}.Debug|Any CPU.ActiveCfg = Debug|Any CPU
		{FA1FBC21-3CEE-440B-85BF-7273DC472413}.Debug|Any CPU.Build.0 = Debug|Any CPU
		{FA1FBC21-3CEE-440B-85BF-7273DC472413}.Release|Any CPU.ActiveCfg = Release|Any CPU
		{FA1FBC21-3CEE-440B-85BF-7273DC472413}.Release|Any CPU.Build.0 = Release|Any CPU
		{A757C496-58D6-4F11-8EF9-963C4A771196}.Debug|Any CPU.ActiveCfg = Debug|Any CPU
		{A757C496-58D6-4F11-8EF9-963C4A771196}.Debug|Any CPU.Build.0 = Debug|Any CPU
		{A757C496-58D6-4F11-8EF9-963C4A771196}.Release|Any CPU.ActiveCfg = Release|Any CPU
		{A757C496-58D6-4F11-8EF9-963C4A771196}.Release|Any CPU.Build.0 = Release|Any CPU
	EndGlobalSection
	GlobalSection(SolutionProperties) = preSolution
		HideSolutionNode = FALSE
	EndGlobalSection
	GlobalSection(ExtensibilityGlobals) = postSolution
		SolutionGuid = {62E3EE92-9FC0-42C3-ADFA-8C0AC331CB49}
	EndGlobalSection
EndGlobal
